
Microsoft Visual Studio Solution File, Format Version 12.00
# Visual Studio Version 17
VisualStudioVersion = 17.0.31903.59
MinimumVisualStudioVersion = 10.0.40219.1
Project("{FAE04EC0-301F-11D3-BF4B-00C04F79EFBC}") = "PortfolioSaver.Core", "src\PortfolioSaver.Core\PortfolioSaver.Core.csproj", "{A1A8F5D1-1111-4C72-9001-AAAAAAAAAAA1}"
EndProject
Project("{FAE04EC0-301F-11D3-BF4B-00C04F79EFBC}") = "PortfolioSaver.Data", "src\PortfolioSaver.Data\PortfolioSaver.Data.csproj", "{A1A8F5D1-2222-4C72-9001-AAAAAAAAAAA2}"
EndProject
Project("{FAE04EC0-301F-11D3-BF4B-00C04F79EFBC}") = "PortfolioSaver.Render", "src\PortfolioSaver.Render\PortfolioSaver.Render.csproj", "{A1A8F5D1-3333-4C72-9001-AAAAAAAAAAA3}"
EndProject
Project("{FAE04EC0-301F-11D3-BF4B-00C04F79EFBC}") = "PortfolioSaver.Media", "src\PortfolioSaver.Media\PortfolioSaver.Media.csproj", "{A1A8F5D1-4444-4C72-9001-AAAAAAAAAAA4}"
EndProject
Project("{FAE04EC0-301F-11D3-BF4B-00C04F79EFBC}") = "PortfolioSaver.Config", "src\PortfolioSaver.Config\PortfolioSaver.Config.csproj", "{A1A8F5D1-6666-4C72-9001-AAAAAAAAAAA6}"
EndProject
Project("{FAE04EC0-301F-11D3-BF4B-00C04F79EFBC}") = "PortfolioSaver.Shared", "src\PortfolioSaver.Shared\PortfolioSaver.Shared.csproj", "{A1A8F5D1-7777-4C72-9001-AAAAAAAAAAA7}"
EndProject
Project("{FAE04EC0-301F-11D3-BF4B-00C04F79EFBC}") = "PortfolioSaver.Tests", "tests\PortfolioSaver.Tests\PortfolioSaver.Tests.csproj", "{A1A8F5D1-8888-4C72-9001-AAAAAAAAAAA8}"
EndProject
Project("{2150E333-8FDC-42A3-9474-1A3956D46DE8}") = "src", "src", "{827E0CD3-B72D-47B6-A68D-7590B98EB39B}"
EndProject
Project("{FAE04EC0-301F-11D3-BF4B-00C04F79EFBC}") = "PortfolioSaver.Presentation", "src\PortfolioSaver.Presentation\PortfolioSaver.Presentation.csproj", "{9B7BB88C-D44B-4F74-BF35-52745F5253C7}"
EndProject
Project("{FAE04EC0-301F-11D3-BF4B-00C04F79EFBC}") = "PortfolioSaver.Desktop", "src\PortfolioSaver.Desktop\PortfolioSaver.Desktop.csproj", "{F8A12EB7-3AB7-4DA5-A25F-7C955F1AECCE}"
EndProject
Project("{FAE04EC0-301F-11D3-BF4B-00C04F79EFBC}") = "PortfolioSaver.Settings", "src\PortfolioSaver.Settings\PortfolioSaver.Settings.csproj", "{338B9605-1E49-4C75-8F39-C384C1A4A044}"
EndProject
Project("{FAE04EC0-301F-11D3-BF4B-00C04F79EFBC}") = "PortfolioSaver.VmAgent", "src\PortfolioSaver.VmAgent\PortfolioSaver.VmAgent.csproj", "{EA9C298D-A22E-42CF-8598-B7B84F6A6F1B}"
EndProject
Project("{2150E333-8FDC-42A3-9474-1A3956D46DE8}") = "YFinance.net", "YFinance.net", "{B5EE1E52-1993-18C8-1791-691370CDEFE6}"
EndProject
Project("{FAE04EC0-301F-11D3-BF4B-00C04F79EFBC}") = "YFinance.NET.Protocol", "YFinance.net\YFinance.NET.Protocol\YFinance.NET.Protocol.csproj", "{872AF490-8F92-41DD-BC11-10C83845AC61}"
EndProject
Project("{FAE04EC0-301F-11D3-BF4B-00C04F79EFBC}") = "YFinance.NET.Client", "YFinance.net\YFinance.NET.Client\YFinance.NET.Client.csproj", "{76918F73-7061-496D-942F-A6959D7BFF48}"
EndProject
Project("{FAE04EC0-301F-11D3-BF4B-00C04F79EFBC}") = "YFinance.NET.Server", "YFinance.net\YFinance.NET.Server\YFinance.NET.Server.csproj", "{7D3A63F4-2B14-4560-850E-F9B172A0D07F}"
EndProject
Global
	GlobalSection(SolutionConfigurationPlatforms) = preSolution
		Debug|Any CPU = Debug|Any CPU
		Debug|x64 = Debug|x64
		Debug|x86 = Debug|x86
		Release|Any CPU = Release|Any CPU
		Release|x64 = Release|x64
		Release|x86 = Release|x86
	EndGlobalSection
	GlobalSection(ProjectConfigurationPlatforms) = postSolution
		{A1A8F5D1-1111-4C72-9001-AAAAAAAAAAA1}.Debug|Any CPU.ActiveCfg = Debug|Any CPU
		{A1A8F5D1-1111-4C72-9001-AAAAAAAAAAA1}.Debug|Any CPU.Build.0 = Debug|Any CPU
		{A1A8F5D1-1111-4C72-9001-AAAAAAAAAAA1}.Debug|x64.ActiveCfg = Debug|Any CPU
		{A1A8F5D1-1111-4C72-9001-AAAAAAAAAAA1}.Debug|x64.Build.0 = Debug|Any CPU
		{A1A8F5D1-1111-4C72-9001-AAAAAAAAAAA1}.Debug|x86.ActiveCfg = Debug|Any CPU
		{A1A8F5D1-1111-4C72-9001-AAAAAAAAAAA1}.Debug|x86.Build.0 = Debug|Any CPU
		{A1A8F5D1-1111-4C72-9001-AAAAAAAAAAA1}.Release|Any CPU.ActiveCfg = Release|Any CPU
		{A1A8F5D1-1111-4C72-9001-AAAAAAAAAAA1}.Release|Any CPU.Build.0 = Release|Any CPU
		{A1A8F5D1-1111-4C72-9001-AAAAAAAAAAA1}.Release|x64.ActiveCfg = Release|Any CPU
		{A1A8F5D1-1111-4C72-9001-AAAAAAAAAAA1}.Release|x64.Build.0 = Release|Any CPU
		{A1A8F5D1-1111-4C72-9001-AAAAAAAAAAA1}.Release|x86.ActiveCfg = Release|Any CPU
		{A1A8F5D1-1111-4C72-9001-AAAAAAAAAAA1}.Release|x86.Build.0 = Release|Any CPU
		{A1A8F5D1-2222-4C72-9001-AAAAAAAAAAA2}.Debug|Any CPU.ActiveCfg = Debug|Any CPU
		{A1A8F5D1-2222-4C72-9001-AAAAAAAAAAA2}.Debug|Any CPU.Build.0 = Debug|Any CPU
		{A1A8F5D1-2222-4C72-9001-AAAAAAAAAAA2}.Debug|x64.ActiveCfg = Debug|Any CPU
		{A1A8F5D1-2222-4C72-9001-AAAAAAAAAAA2}.Debug|x64.Build.0 = Debug|Any CPU
		{A1A8F5D1-2222-4C72-9001-AAAAAAAAAAA2}.Debug|x86.ActiveCfg = Debug|Any CPU
		{A1A8F5D1-2222-4C72-9001-AAAAAAAAAAA2}.Debug|x86.Build.0 = Debug|Any CPU
		{A1A8F5D1-2222-4C72-9001-AAAAAAAAAAA2}.Release|Any CPU.ActiveCfg = Release|Any CPU
		{A1A8F5D1-2222-4C72-9001-AAAAAAAAAAA2}.Release|Any CPU.Build.0 = Release|Any CPU
		{A1A8F5D1-2222-4C72-9001-AAAAAAAAAAA2}.Release|x64.ActiveCfg = Release|Any CPU
		{A1A8F5D1-2222-4C72-9001-AAAAAAAAAAA2}.Release|x64.Build.0 = Release|Any CPU
		{A1A8F5D1-2222-4C72-9001-AAAAAAAAAAA2}.Release|x86.ActiveCfg = Release|Any CPU
		{A1A8F5D1-2222-4C72-9001-AAAAAAAAAAA2}.Release|x86.Build.0 = Release|Any CPU
		{A1A8F5D1-3333-4C72-9001-AAAAAAAAAAA3}.Debug|Any CPU.ActiveCfg = Debug|Any CPU
		{A1A8F5D1-3333-4C72-9001-AAAAAAAAAAA3}.Debug|Any CPU.Build.0 = Debug|Any CPU
		{A1A8F5D1-3333-4C72-9001-AAAAAAAAAAA3}.Debug|x64.ActiveCfg = Debug|Any CPU
		{A1A8F5D1-3333-4C72-9001-AAAAAAAAAAA3}.Debug|x64.Build.0 = Debug|Any CPU
		{A1A8F5D1-3333-4C72-9001-AAAAAAAAAAA3}.Debug|x86.ActiveCfg = Debug|Any CPU
		{A1A8F5D1-3333-4C72-9001-AAAAAAAAAAA3}.Debug|x86.Build.0 = Debug|Any CPU
		{A1A8F5D1-3333-4C72-9001-AAAAAAAAAAA3}.Release|Any CPU.ActiveCfg = Release|Any CPU
		{A1A8F5D1-3333-4C72-9001-AAAAAAAAAAA3}.Release|Any CPU.Build.0 = Release|Any CPU
		{A1A8F5D1-3333-4C72-9001-AAAAAAAAAAA3}.Release|x64.ActiveCfg = Release|Any CPU
		{A1A8F5D1-3333-4C72-9001-AAAAAAAAAAA3}.Release|x64.Build.0 = Release|Any CPU
		{A1A8F5D1-3333-4C72-9001-AAAAAAAAAAA3}.Release|x86.ActiveCfg = Release|Any CPU
		{A1A8F5D1-3333-4C72-9001-AAAAAAAAAAA3}.Release|x86.Build.0 = Release|Any CPU
		{A1A8F5D1-4444-4C72-9001-AAAAAAAAAAA4}.Debug|Any CPU.ActiveCfg = Debug|Any CPU
		{A1A8F5D1-4444-4C72-9001-AAAAAAAAAAA4}.Debug|Any CPU.Build.0 = Debug|Any CPU
		{A1A8F5D1-4444-4C72-9001-AAAAAAAAAAA4}.Debug|x64.ActiveCfg = Debug|Any CPU
		{A1A8F5D1-4444-4C72-9001-AAAAAAAAAAA4}.Debug|x64.Build.0 = Debug|Any CPU
		{A1A8F5D1-4444-4C72-9001-AAAAAAAAAAA4}.Debug|x86.ActiveCfg = Debug|Any CPU
		{A1A8F5D1-4444-4C72-9001-AAAAAAAAAAA4}.Debug|x86.Build.0 = Debug|Any CPU
		{A1A8F5D1-4444-4C72-9001-AAAAAAAAAAA4}.Release|Any CPU.ActiveCfg = Release|Any CPU
		{A1A8F5D1-4444-4C72-9001-AAAAAAAAAAA4}.Release|Any CPU.Build.0 = Release|Any CPU
		{A1A8F5D1-4444-4C72-9001-AAAAAAAAAAA4}.Release|x64.ActiveCfg = Release|Any CPU
		{A1A8F5D1-4444-4C72-9001-AAAAAAAAAAA4}.Release|x64.Build.0 = Release|Any CPU
		{A1A8F5D1-4444-4C72-9001-AAAAAAAAAAA4}.Release|x86.ActiveCfg = Release|Any CPU
		{A1A8F5D1-4444-4C72-9001-AAAAAAAAAAA4}.Release|x86.Build.0 = Release|Any CPU
		{A1A8F5D1-6666-4C72-9001-AAAAAAAAAAA6}.Debug|Any CPU.ActiveCfg = Debug|Any CPU
		{A1A8F5D1-6666-4C72-9001-AAAAAAAAAAA6}.Debug|Any CPU.Build.0 = Debug|Any CPU
		{A1A8F5D1-6666-4C72-9001-AAAAAAAAAAA6}.Debug|x64.ActiveCfg = Debug|Any CPU
		{A1A8F5D1-6666-4C72-9001-AAAAAAAAAAA6}.Debug|x64.Build.0 = Debug|Any CPU
		{A1A8F5D1-6666-4C72-9001-AAAAAAAAAAA6}.Debug|x86.ActiveCfg = Debug|Any CPU
		{A1A8F5D1-6666-4C72-9001-AAAAAAAAAAA6}.Debug|x86.Build.0 = Debug|Any CPU
		{A1A8F5D1-6666-4C72-9001-AAAAAAAAAAA6}.Release|Any CPU.ActiveCfg = Release|Any CPU
		{A1A8F5D1-6666-4C72-9001-AAAAAAAAAAA6}.Release|Any CPU.Build.0 = Release|Any CPU
		{A1A8F5D1-6666-4C72-9001-AAAAAAAAAAA6}.Release|x64.ActiveCfg = Release|Any CPU
		{A1A8F5D1-6666-4C72-9001-AAAAAAAAAAA6}.Release|x64.Build.0 = Release|Any CPU
		{A1A8F5D1-6666-4C72-9001-AAAAAAAAAAA6}.Release|x86.ActiveCfg = Release|Any CPU
		{A1A8F5D1-6666-4C72-9001-AAAAAAAAAAA6}.Release|x86.Build.0 = Release|Any CPU
		{A1A8F5D1-7777-4C72-9001-AAAAAAAAAAA7}.Debug|Any CPU.ActiveCfg = Debug|Any CPU
		{A1A8F5D1-7777-4C72-9001-AAAAAAAAAAA7}.Debug|Any CPU.Build.0 = Debug|Any CPU
		{A1A8F5D1-7777-4C72-9001-AAAAAAAAAAA7}.Debug|x64.ActiveCfg = Debug|Any CPU
		{A1A8F5D1-7777-4C72-9001-AAAAAAAAAAA7}.Debug|x64.Build.0 = Debug|Any CPU
		{A1A8F5D1-7777-4C72-9001-AAAAAAAAAAA7}.Debug|x86.ActiveCfg = Debug|Any CPU
		{A1A8F5D1-7777-4C72-9001-AAAAAAAAAAA7}.Debug|x86.Build.0 = Debug|Any CPU
		{A1A8F5D1-7777-4C72-9001-AAAAAAAAAAA7}.Release|Any CPU.ActiveCfg = Release|Any CPU
		{A1A8F5D1-7777-4C72-9001-AAAAAAAAAAA7}.Release|Any CPU.Build.0 = Release|Any CPU
		{A1A8F5D1-7777-4C72-9001-AAAAAAAAAAA7}.Release|x64.ActiveCfg = Release|Any CPU
		{A1A8F5D1-7777-4C72-9001-AAAAAAAAAAA7}.Release|x64.Build.0 = Release|Any CPU
		{A1A8F5D1-7777-4C72-9001-AAAAAAAAAAA7}.Release|x86.ActiveCfg = Release|Any CPU
		{A1A8F5D1-7777-4C72-9001-AAAAAAAAAAA7}.Release|x86.Build.0 = Release|Any CPU
		{A1A8F5D1-8888-4C72-9001-AAAAAAAAAAA8}.Debug|Any CPU.ActiveCfg = Debug|Any CPU
		{A1A8F5D1-8888-4C72-9001-AAAAAAAAAAA8}.Debug|Any CPU.Build.0 = Debug|Any CPU
		{A1A8F5D1-8888-4C72-9001-AAAAAAAAAAA8}.Debug|x64.ActiveCfg = Debug|Any CPU
		{A1A8F5D1-8888-4C72-9001-AAAAAAAAAAA8}.Debug|x64.Build.0 = Debug|Any CPU
		{A1A8F5D1-8888-4C72-9001-AAAAAAAAAAA8}.Debug|x86.ActiveCfg = Debug|Any CPU
		{A1A8F5D1-8888-4C72-9001-AAAAAAAAAAA8}.Debug|x86.Build.0 = Debug|Any CPU
		{A1A8F5D1-8888-4C72-9001-AAAAAAAAAAA8}.Release|Any CPU.ActiveCfg = Release|Any CPU
		{A1A8F5D1-8888-4C72-9001-AAAAAAAAAAA8}.Release|Any CPU.Build.0 = Release|Any CPU
		{A1A8F5D1-8888-4C72-9001-AAAAAAAAAAA8}.Release|x64.ActiveCfg = Release|Any CPU
		{A1A8F5D1-8888-4C72-9001-AAAAAAAAAAA8}.Release|x64.Build.0 = Release|Any CPU
		{A1A8F5D1-8888-4C72-9001-AAAAAAAAAAA8}.Release|x86.ActiveCfg = Release|Any CPU
		{A1A8F5D1-8888-4C72-9001-AAAAAAAAAAA8}.Release|x86.Build.0 = Release|Any CPU
		{9B7BB88C-D44B-4F74-BF35-52745F5253C7}.Debug|Any CPU.ActiveCfg = Debug|Any CPU
		{9B7BB88C-D44B-4F74-BF35-52745F5253C7}.Debug|Any CPU.Build.0 = Debug|Any CPU
		{9B7BB88C-D44B-4F74-BF35-52745F5253C7}.Debug|x64.ActiveCfg = Debug|Any CPU
		{9B7BB88C-D44B-4F74-BF35-52745F5253C7}.Debug|x64.Build.0 = Debug|Any CPU
		{9B7BB88C-D44B-4F74-BF35-52745F5253C7}.Debug|x86.ActiveCfg = Debug|Any CPU
		{9B7BB88C-D44B-4F74-BF35-52745F5253C7}.Debug|x86.Build.0 = Debug|Any CPU
		{9B7BB88C-D44B-4F74-BF35-52745F5253C7}.Release|Any CPU.ActiveCfg = Release|Any CPU
		{9B7BB88C-D44B-4F74-BF35-52745F5253C7}.Release|Any CPU.Build.0 = Release|Any CPU
		{9B7BB88C-D44B-4F74-BF35-52745F5253C7}.Release|x64.ActiveCfg = Release|Any CPU
		{9B7BB88C-D44B-4F74-BF35-52745F5253C7}.Release|x64.Build.0 = Release|Any CPU
		{9B7BB88C-D44B-4F74-BF35-52745F5253C7}.Release|x86.ActiveCfg = Release|Any CPU
		{9B7BB88C-D44B-4F74-BF35-52745F5253C7}.Release|x86.Build.0 = Release|Any CPU
		{F8A12EB7-3AB7-4DA5-A25F-7C955F1AECCE}.Debug|Any CPU.ActiveCfg = Debug|Any CPU
		{F8A12EB7-3AB7-4DA5-A25F-7C955F1AECCE}.Debug|Any CPU.Build.0 = Debug|Any CPU
		{F8A12EB7-3AB7-4DA5-A25F-7C955F1AECCE}.Debug|x64.ActiveCfg = Debug|x64
		{F8A12EB7-3AB7-4DA5-A25F-7C955F1AECCE}.Debug|x64.Build.0 = Debug|x64
		{F8A12EB7-3AB7-4DA5-A25F-7C955F1AECCE}.Debug|x86.ActiveCfg = Debug|Any CPU
		{F8A12EB7-3AB7-4DA5-A25F-7C955F1AECCE}.Debug|x86.Build.0 = Debug|Any CPU
		{F8A12EB7-3AB7-4DA5-A25F-7C955F1AECCE}.Release|Any CPU.ActiveCfg = Release|Any CPU
		{F8A12EB7-3AB7-4DA5-A25F-7C955F1AECCE}.Release|Any CPU.Build.0 = Release|Any CPU
		{F8A12EB7-3AB7-4DA5-A25F-7C955F1AECCE}.Release|x64.ActiveCfg = Release|x64
		{F8A12EB7-3AB7-4DA5-A25F-7C955F1AECCE}.Release|x64.Build.0 = Release|x64
		{F8A12EB7-3AB7-4DA5-A25F-7C955F1AECCE}.Release|x86.ActiveCfg = Release|Any CPU
		{F8A12EB7-3AB7-4DA5-A25F-7C955F1AECCE}.Release|x86.Build.0 = Release|Any CPU
		{338B9605-1E49-4C75-8F39-C384C1A4A044}.Debug|Any CPU.ActiveCfg = Debug|Any CPU
		{338B9605-1E49-4C75-8F39-C384C1A4A044}.Debug|Any CPU.Build.0 = Debug|Any CPU
		{338B9605-1E49-4C75-8F39-C384C1A4A044}.Debug|x64.ActiveCfg = Debug|Any CPU
		{338B9605-1E49-4C75-8F39-C384C1A4A044}.Debug|x64.Build.0 = Debug|Any CPU
		{338B9605-1E49-4C75-8F39-C384C1A4A044}.Debug|x86.ActiveCfg = Debug|Any CPU
		{338B9605-1E49-4C75-8F39-C384C1A4A044}.Debug|x86.Build.0 = Debug|Any CPU
		{338B9605-1E49-4C75-8F39-C384C1A4A044}.Release|Any CPU.ActiveCfg = Release|Any CPU
		{338B9605-1E49-4C75-8F39-C384C1A4A044}.Release|Any CPU.Build.0 = Release|Any CPU
		{338B9605-1E49-4C75-8F39-C384C1A4A044}.Release|x64.ActiveCfg = Release|Any CPU
		{338B9605-1E49-4C75-8F39-C384C1A4A044}.Release|x64.Build.0 = Release|Any CPU
		{338B9605-1E49-4C75-8F39-C384C1A4A044}.Release|x86.ActiveCfg = Release|Any CPU
		{338B9605-1E49-4C75-8F39-C384C1A4A044}.Release|x86.Build.0 = Release|Any CPU
		{EA9C298D-A22E-42CF-8598-B7B84F6A6F1B}.Debug|Any CPU.ActiveCfg = Debug|Any CPU
		{EA9C298D-A22E-42CF-8598-B7B84F6A6F1B}.Debug|Any CPU.Build.0 = Debug|Any CPU
		{EA9C298D-A22E-42CF-8598-B7B84F6A6F1B}.Debug|x64.ActiveCfg = Debug|x64
		{EA9C298D-A22E-42CF-8598-B7B84F6A6F1B}.Debug|x64.Build.0 = Debug|x64
		{EA9C298D-A22E-42CF-8598-B7B84F6A6F1B}.Debug|x86.ActiveCfg = Debug|Any CPU
		{EA9C298D-A22E-42CF-8598-B7B84F6A6F1B}.Debug|x86.Build.0 = Debug|Any CPU
		{EA9C298D-A22E-42CF-8598-B7B84F6A6F1B}.Release|Any CPU.ActiveCfg = Release|Any CPU
		{EA9C298D-A22E-42CF-8598-B7B84F6A6F1B}.Release|Any CPU.Build.0 = Release|Any CPU
		{EA9C298D-A22E-42CF-8598-B7B84F6A6F1B}.Release|x64.ActiveCfg = Release|x64
		{EA9C298D-A22E-42CF-8598-B7B84F6A6F1B}.Release|x64.Build.0 = Release|x64
		{EA9C298D-A22E-42CF-8598-B7B84F6A6F1B}.Release|x86.ActiveCfg = Release|Any CPU
		{EA9C298D-A22E-42CF-8598-B7B84F6A6F1B}.Release|x86.Build.0 = Release|Any CPU
		{872AF490-8F92-41DD-BC11-10C83845AC61}.Debug|Any CPU.ActiveCfg = Debug|Any CPU
		{872AF490-8F92-41DD-BC11-10C83845AC61}.Debug|Any CPU.Build.0 = Debug|Any CPU
		{872AF490-8F92-41DD-BC11-10C83845AC61}.Debug|x64.ActiveCfg = Debug|Any CPU
		{872AF490-8F92-41DD-BC11-10C83845AC61}.Debug|x64.Build.0 = Debug|Any CPU
		{872AF490-8F92-41DD-BC11-10C83845AC61}.Debug|x86.ActiveCfg = Debug|Any CPU
		{872AF490-8F92-41DD-BC11-10C83845AC61}.Debug|x86.Build.0 = Debug|Any CPU
		{872AF490-8F92-41DD-BC11-10C83845AC61}.Release|Any CPU.ActiveCfg = Release|Any CPU
		{872AF490-8F92-41DD-BC11-10C83845AC61}.Release|Any CPU.Build.0 = Release|Any CPU
		{872AF490-8F92-41DD-BC11-10C83845AC61}.Release|x64.ActiveCfg = Release|Any CPU
		{872AF490-8F92-41DD-BC11-10C83845AC61}.Release|x64.Build.0 = Release|Any CPU
		{872AF490-8F92-41DD-BC11-10C83845AC61}.Release|x86.ActiveCfg = Release|Any CPU
		{872AF490-8F92-41DD-BC11-10C83845AC61}.Release|x86.Build.0 = Release|Any CPU
		{76918F73-7061-496D-942F-A6959D7BFF48}.Debug|Any CPU.ActiveCfg = Debug|Any CPU
		{76918F73-7061-496D-942F-A6959D7BFF48}.Debug|Any CPU.Build.0 = Debug|Any CPU
		{76918F73-7061-496D-942F-A6959D7BFF48}.Debug|x64.ActiveCfg = Debug|Any CPU
		{76918F73-7061-496D-942F-A6959D7BFF48}.Debug|x64.Build.0 = Debug|Any CPU
		{76918F73-7061-496D-942F-A6959D7BFF48}.Debug|x86.ActiveCfg = Debug|Any CPU
		{76918F73-7061-496D-942F-A6959D7BFF48}.Debug|x86.Build.0 = Debug|Any CPU
		{76918F73-7061-496D-942F-A6959D7BFF48}.Release|Any CPU.ActiveCfg = Release|Any CPU
		{76918F73-7061-496D-942F-A6959D7BFF48}.Release|Any CPU.Build.0 = Release|Any CPU
		{76918F73-7061-496D-942F-A6959D7BFF48}.Release|x64.ActiveCfg = Release|Any CPU
		{76918F73-7061-496D-942F-A6959D7BFF48}.Release|x64.Build.0 = Release|Any CPU
		{76918F73-7061-496D-942F-A6959D7BFF48}.Release|x86.ActiveCfg = Release|Any CPU
		{76918F73-7061-496D-942F-A6959D7BFF48}.Release|x86.Build.0 = Release|Any CPU
		{7D3A63F4-2B14-4560-850E-F9B172A0D07F}.Debug|Any CPU.ActiveCfg = Debug|Any CPU
		{7D3A63F4-2B14-4560-850E-F9B172A0D07F}.Debug|Any CPU.Build.0 = Debug|Any CPU
		{7D3A63F4-2B14-4560-850E-F9B172A0D07F}.Debug|x64.ActiveCfg = Debug|Any CPU
		{7D3A63F4-2B14-4560-850E-F9B172A0D07F}.Debug|x64.Build.0 = Debug|Any CPU
		{7D3A63F4-2B14-4560-850E-F9B172A0D07F}.Debug|x86.ActiveCfg = Debug|Any CPU
		{7D3A63F4-2B14-4560-850E-F9B172A0D07F}.Debug|x86.Build.0 = Debug|Any CPU
		{7D3A63F4-2B14-4560-850E-F9B172A0D07F}.Release|Any CPU.ActiveCfg = Release|Any CPU
		{7D3A63F4-2B14-4560-850E-F9B172A0D07F}.Release|Any CPU.Build.0 = Release|Any CPU
		{7D3A63F4-2B14-4560-850E-F9B172A0D07F}.Release|x64.ActiveCfg = Release|Any CPU
		{7D3A63F4-2B14-4560-850E-F9B172A0D07F}.Release|x64.Build.0 = Release|Any CPU
		{7D3A63F4-2B14-4560-850E-F9B172A0D07F}.Release|x86.ActiveCfg = Release|Any CPU
		{7D3A63F4-2B14-4560-850E-F9B172A0D07F}.Release|x86.Build.0 = Release|Any CPU
	EndGlobalSection
	GlobalSection(SolutionProperties) = preSolution
		HideSolutionNode = FALSE
	EndGlobalSection
	GlobalSection(NestedProjects) = preSolution
		{9B7BB88C-D44B-4F74-BF35-52745F5253C7} = {827E0CD3-B72D-47B6-A68D-7590B98EB39B}
		{F8A12EB7-3AB7-4DA5-A25F-7C955F1AECCE} = {827E0CD3-B72D-47B6-A68D-7590B98EB39B}
		{338B9605-1E49-4C75-8F39-C384C1A4A044} = {827E0CD3-B72D-47B6-A68D-7590B98EB39B}
		{EA9C298D-A22E-42CF-8598-B7B84F6A6F1B} = {827E0CD3-B72D-47B6-A68D-7590B98EB39B}
		{872AF490-8F92-41DD-BC11-10C83845AC61} = {B5EE1E52-1993-18C8-1791-691370CDEFE6}
		{76918F73-7061-496D-942F-A6959D7BFF48} = {B5EE1E52-1993-18C8-1791-691370CDEFE6}
		{7D3A63F4-2B14-4560-850E-F9B172A0D07F} = {B5EE1E52-1993-18C8-1791-691370CDEFE6}
	EndGlobalSection
EndGlobal
